
Microsoft Visual Studio Solution File, Format Version 12.00
# Visual Studio Version 17
VisualStudioVersion = 17.0.32126.317
MinimumVisualStudioVersion = 10.0.40219.1
Project("{FAE04EC0-301F-11D3-BF4B-00C04F79EFBC}") = "CemuSaveWorker", "CemuSaveWorker\CemuSaveWorker.csproj", "{30CAC287-B80A-4FDC-8127-AEF6123562C8}"
EndProject
Global
	GlobalSection(SolutionConfigurationPlatforms) = preSolution
		Debug|Any CPU = Debug|Any CPU
		Release|Any CPU = Release|Any CPU
	EndGlobalSection
	GlobalSection(ProjectConfigurationPlatforms) = postSolution
		{30CAC287-B80A-4FDC-8127-AEF6123562C8}.Debug|Any CPU.ActiveCfg = Debug|Any CPU
		{30CAC287-B80A-4FDC-8127-AEF6123562C8}.Debug|Any CPU.Build.0 = Debug|Any CPU
		{30CAC287-B80A-4FDC-8127-AEF6123562C8}.Release|Any CPU.ActiveCfg = Release|Any CPU
		{30CAC287-B80A-4FDC-8127-AEF6123562C8}.Release|Any CPU.Build.0 = Release|Any CPU
	EndGlobalSection
	GlobalSection(SolutionProperties) = preSolution
		HideSolutionNode = FALSE
	EndGlobalSection
	GlobalSection(ExtensibilityGlobals) = postSolution
		SolutionGuid = {042C0A70-35DE-49BC-AC52-C8470E1D5A36}
	EndGlobalSection
EndGlobal
